
Microsoft Visual Studio Solution File, Format Version 12.00
# Visual Studio Version 16
VisualStudioVersion = 16.0.30621.155
MinimumVisualStudioVersion = 10.0.40219.1
Project("{FAE04EC0-301F-11D3-BF4B-00C04F79EFBC}") = "WpfApp3", "WpfApp3\WpfApp3.csproj", "{4CD39770-CB29-4A69-8DC8-D3376D9BFBB6}"
EndProject
Global
	GlobalSection(SolutionConfigurationPlatforms) = preSolution
		Debug|Any CPU = Debug|Any CPU
		Release|Any CPU = Release|Any CPU
	EndGlobalSection
	GlobalSection(ProjectConfigurationPlatforms) = postSolution
		{4CD39770-CB29-4A69-8DC8-D3376D9BFBB6}.Debug|Any CPU.ActiveCfg = Debug|Any CPU
		{4CD39770-CB29-4A69-8DC8-D3376D9BFBB6}.Debug|Any CPU.Build.0 = Debug|Any CPU
		{4CD39770-CB29-4A69-8DC8-D3376D9BFBB6}.Release|Any CPU.ActiveCfg = Release|Any CPU
		{4CD39770-CB29-4A69-8DC8-D3376D9BFBB6}.Release|Any CPU.Build.0 = Release|Any CPU
	EndGlobalSection
	GlobalSection(SolutionProperties) = preSolution
		HideSolutionNode = FALSE
	EndGlobalSection
	GlobalSection(ExtensibilityGlobals) = postSolution
		SolutionGuid = {51D3D491-3239-4636-81C8-9A1F6591BEFB}
	EndGlobalSection
EndGlobal
